
Microsoft Visual Studio Solution File, Format Version 10.00
# Visual Studio 2008
Project("{8BC9CEB8-8B4A-11D0-8D11-00A0C91BC942}") = "LampA", "LampA\LampA.vcproj", "{05520F0D-B4ED-4B71-8DA3-DC67A8AA54A0}"
EndProject
Project("{8BC9CEB8-8B4A-11D0-8D11-00A0C91BC942}") = "LampB", "LampB\LampB.vcproj", "{20BCDB77-5279-4177-A1E8-750D470FE6E1}"
EndProject
Project("{8BC9CEB8-8B4A-11D0-8D11-00A0C91BC942}") = "LampAB", "LampAB\LampAB.vcproj", "{874F30AE-BA33-454D-A0F0-3B793FE744EF}"
EndProject
Project("{8BC9CEB8-8B4A-11D0-8D11-00A0C91BC942}") = "PowerOn", "PowerOn\PowerOn.vcproj", "{0EB637FE-7B2F-4403-B6DB-BEF2A1B7FF40}"
EndProject
Global
	GlobalSection(SolutionConfigurationPlatforms) = preSolution
		Debug|Win32 = Debug|Win32
		Release|Win32 = Release|Win32
	EndGlobalSection
	GlobalSection(ProjectConfigurationPlatforms) = postSolution
		{05520F0D-B4ED-4B71-8DA3-DC67A8AA54A0}.Debug|Win32.ActiveCfg = Debug|Win32
		{05520F0D-B4ED-4B71-8DA3-DC67A8AA54A0}.Debug|Win32.Build.0 = Debug|Win32
		{05520F0D-B4ED-4B71-8DA3-DC67A8AA54A0}.Release|Win32.ActiveCfg = Release|Win32
		{05520F0D-B4ED-4B71-8DA3-DC67A8AA54A0}.Release|Win32.Build.0 = Release|Win32
		{20BCDB77-5279-4177-A1E8-750D470FE6E1}.Debug|Win32.ActiveCfg = Debug|Win32
		{20BCDB77-5279-4177-A1E8-750D470FE6E1}.Debug|Win32.Build.0 = Debug|Win32
		{20BCDB77-5279-4177-A1E8-750D470FE6E1}.Release|Win32.ActiveCfg = Release|Win32
		{20BCDB77-5279-4177-A1E8-750D470FE6E1}.Release|Win32.Build.0 = Release|Win32
		{874F30AE-BA33-454D-A0F0-3B793FE744EF}.Debug|Win32.ActiveCfg = Debug|Win32
		{874F30AE-BA33-454D-A0F0-3B793FE744EF}.Debug|Win32.Build.0 = Debug|Win32
		{874F30AE-BA33-454D-A0F0-3B793FE744EF}.Release|Win32.ActiveCfg = Release|Win32
		{874F30AE-BA33-454D-A0F0-3B793FE744EF}.Release|Win32.Build.0 = Release|Win32
		{0EB637FE-7B2F-4403-B6DB-BEF2A1B7FF40}.Debug|Win32.ActiveCfg = Debug|Win32
		{0EB637FE-7B2F-4403-B6DB-BEF2A1B7FF40}.Debug|Win32.Build.0 = Debug|Win32
		{0EB637FE-7B2F-4403-B6DB-BEF2A1B7FF40}.Release|Win32.ActiveCfg = Release|Win32
		{0EB637FE-7B2F-4403-B6DB-BEF2A1B7FF40}.Release|Win32.Build.0 = Release|Win32
	EndGlobalSection
	GlobalSection(SolutionProperties) = preSolution
		HideSolutionNode = FALSE
	EndGlobalSection
EndGlobal
